
Microsoft Visual Studio Solution File, Format Version 12.00
# Visual Studio 14
VisualStudioVersion = 14.0.25420.1
MinimumVisualStudioVersion = 10.0.40219.1
Project("{FAE04EC0-301F-11D3-BF4B-00C04F79EFBC}") = "SharedFeature", "SharedFeature\SharedFeature.csproj", "{C259672C-BF6E-4D58-8EBD-FC57C8CD9C72}"
EndProject
Project("{FAE04EC0-301F-11D3-BF4B-00C04F79EFBC}") = "Tests", "Tests\Tests.csproj", "{C0EF5DFD-D3EE-4A5C-92C8-46FE470651C1}"
EndProject
Project("{FAE04EC0-301F-11D3-BF4B-00C04F79EFBC}") = "AcceptanceTests", "AcceptanceTests\AcceptanceTests.csproj", "{D62ED587-5D17-4B9D-AD1A-39FD65DDB0A3}"
EndProject
Project("{2150E333-8FDC-42A3-9474-1A3956D46DE8}") = "SpecificationTests", "SpecificationTests", "{4E410DD9-6EB9-4286-8955-BC0AC6F10E0C}"
EndProject
Global
	GlobalSection(SolutionConfigurationPlatforms) = preSolution
		Debug|Any CPU = Debug|Any CPU
		Release|Any CPU = Release|Any CPU
	EndGlobalSection
	GlobalSection(ProjectConfigurationPlatforms) = postSolution
		{C259672C-BF6E-4D58-8EBD-FC57C8CD9C72}.Debug|Any CPU.ActiveCfg = Debug|Any CPU
		{C259672C-BF6E-4D58-8EBD-FC57C8CD9C72}.Debug|Any CPU.Build.0 = Debug|Any CPU
		{C259672C-BF6E-4D58-8EBD-FC57C8CD9C72}.Release|Any CPU.ActiveCfg = Release|Any CPU
		{C259672C-BF6E-4D58-8EBD-FC57C8CD9C72}.Release|Any CPU.Build.0 = Release|Any CPU
		{C0EF5DFD-D3EE-4A5C-92C8-46FE470651C1}.Debug|Any CPU.ActiveCfg = Debug|Any CPU
		{C0EF5DFD-D3EE-4A5C-92C8-46FE470651C1}.Debug|Any CPU.Build.0 = Debug|Any CPU
		{C0EF5DFD-D3EE-4A5C-92C8-46FE470651C1}.Release|Any CPU.ActiveCfg = Release|Any CPU
		{C0EF5DFD-D3EE-4A5C-92C8-46FE470651C1}.Release|Any CPU.Build.0 = Release|Any CPU
		{D62ED587-5D17-4B9D-AD1A-39FD65DDB0A3}.Debug|Any CPU.ActiveCfg = Debug|Any CPU
		{D62ED587-5D17-4B9D-AD1A-39FD65DDB0A3}.Debug|Any CPU.Build.0 = Debug|Any CPU
		{D62ED587-5D17-4B9D-AD1A-39FD65DDB0A3}.Release|Any CPU.ActiveCfg = Release|Any CPU
		{D62ED587-5D17-4B9D-AD1A-39FD65DDB0A3}.Release|Any CPU.Build.0 = Release|Any CPU
	EndGlobalSection
	GlobalSection(SolutionProperties) = preSolution
		HideSolutionNode = FALSE
	EndGlobalSection
	GlobalSection(NestedProjects) = preSolution
		{C0EF5DFD-D3EE-4A5C-92C8-46FE470651C1} = {4E410DD9-6EB9-4286-8955-BC0AC6F10E0C}
		{D62ED587-5D17-4B9D-AD1A-39FD65DDB0A3} = {4E410DD9-6EB9-4286-8955-BC0AC6F10E0C}
	EndGlobalSection
EndGlobal
